
Microsoft Visual Studio Solution File, Format Version 12.00
# Visual Studio 15
VisualStudioVersion = 15.0.27406.0
MinimumVisualStudioVersion = 10.0.40219.1
Project("{2150E333-8FDC-42A3-9474-1A3956D46DE8}") = "Core", "Core", "{EBA50BA8-3A6E-4565-8311-5A9515533720}"
EndProject
Project("{2150E333-8FDC-42A3-9474-1A3956D46DE8}") = "Shared", "Shared", "{1156CB80-7383-410C-800C-239ED32B242C}"
EndProject
Project("{2150E333-8FDC-42A3-9474-1A3956D46DE8}") = "Tests", "Tests", "{78C7E7B1-5E61-4F12-BD49-EA6D5FFCF674}"
EndProject
Project("{2150E333-8FDC-42A3-9474-1A3956D46DE8}") = "Application", "Application", "{21D63CFD-3A2F-4933-AF90-BB040DACF0E2}"
EndProject
Project("{FAE04EC0-301F-11D3-BF4B-00C04F79EFBC}") = "Loteria.Shared", "Loteria.Shared\Loteria.Shared.csproj", "{8B86DEDE-C942-4468-AF3E-1D7AB7CC4089}"
EndProject
Project("{FAE04EC0-301F-11D3-BF4B-00C04F79EFBC}") = "Loteria.Core.Service", "Loteria.Core.Service\Loteria.Core.Service.csproj", "{F3845F03-7690-4F1C-BF8A-D52F6F30CCF9}"
EndProject
Project("{FAE04EC0-301F-11D3-BF4B-00C04F79EFBC}") = "Loteria.Application.Model", "Loteria.Application.Model\Loteria.Application.Model.csproj", "{5531686A-62BA-476A-9A54-61C9C2EC1923}"
EndProject
Project("{2150E333-8FDC-42A3-9474-1A3956D46DE8}") = "Api", "Api", "{B621DF09-DD84-4F5A-A37C-ED2BFC4CF4C7}"
EndProject
Project("{FAE04EC0-301F-11D3-BF4B-00C04F79EFBC}") = "Loteria.Core.Domain", "Loteria.Core.Domain\Loteria.Core.Domain.csproj", "{83D6DD99-6010-43A8-BE07-45D650234E2F}"
EndProject
Project("{FAE04EC0-301F-11D3-BF4B-00C04F79EFBC}") = "Loteria.Core.Data", "Loteria.Core.Data\Loteria.Core.Data.csproj", "{DCEBD62D-8955-4785-A6BB-2B46B2C04938}"
EndProject
Project("{FAE04EC0-301F-11D3-BF4B-00C04F79EFBC}") = "Loteria.Core.Domain.Test", "Loteria.Core.Domain.Test\Loteria.Core.Domain.Test.csproj", "{740C8C80-303B-449B-9C88-B0E6C0ECBF23}"
EndProject
Project("{FAE04EC0-301F-11D3-BF4B-00C04F79EFBC}") = "Loteria.Core.Service.Test", "Loteria.Core.Service.Test\Loteria.Core.Service.Test.csproj", "{2E6BB19B-78F9-4297-9201-FB9B73AB1305}"
EndProject
Project("{FAE04EC0-301F-11D3-BF4B-00C04F79EFBC}") = "Loteria.WebApi", "Loteria.WebApi\Loteria.WebApi.csproj", "{8AE1C16A-4CEE-4384-A6C9-853D995D6A9A}"
EndProject
Project("{FAE04EC0-301F-11D3-BF4B-00C04F79EFBC}") = "Loteria.Shared.Test", "Loteria.Shared.Test\Loteria.Shared.Test.csproj", "{E45A13FD-BF14-4D7B-92BB-AF3DEFEDD65B}"
EndProject
Global
	GlobalSection(SolutionConfigurationPlatforms) = preSolution
		Debug|Any CPU = Debug|Any CPU
		Release|Any CPU = Release|Any CPU
	EndGlobalSection
	GlobalSection(ProjectConfigurationPlatforms) = postSolution
		{8B86DEDE-C942-4468-AF3E-1D7AB7CC4089}.Debug|Any CPU.ActiveCfg = Debug|Any CPU
		{8B86DEDE-C942-4468-AF3E-1D7AB7CC4089}.Debug|Any CPU.Build.0 = Debug|Any CPU
		{8B86DEDE-C942-4468-AF3E-1D7AB7CC4089}.Release|Any CPU.ActiveCfg = Release|Any CPU
		{8B86DEDE-C942-4468-AF3E-1D7AB7CC4089}.Release|Any CPU.Build.0 = Release|Any CPU
		{F3845F03-7690-4F1C-BF8A-D52F6F30CCF9}.Debug|Any CPU.ActiveCfg = Debug|Any CPU
		{F3845F03-7690-4F1C-BF8A-D52F6F30CCF9}.Debug|Any CPU.Build.0 = Debug|Any CPU
		{F3845F03-7690-4F1C-BF8A-D52F6F30CCF9}.Release|Any CPU.ActiveCfg = Release|Any CPU
		{F3845F03-7690-4F1C-BF8A-D52F6F30CCF9}.Release|Any CPU.Build.0 = Release|Any CPU
		{5531686A-62BA-476A-9A54-61C9C2EC1923}.Debug|Any CPU.ActiveCfg = Debug|Any CPU
		{5531686A-62BA-476A-9A54-61C9C2EC1923}.Debug|Any CPU.Build.0 = Debug|Any CPU
		{5531686A-62BA-476A-9A54-61C9C2EC1923}.Release|Any CPU.ActiveCfg = Release|Any CPU
		{5531686A-62BA-476A-9A54-61C9C2EC1923}.Release|Any CPU.Build.0 = Release|Any CPU
		{83D6DD99-6010-43A8-BE07-45D650234E2F}.Debug|Any CPU.ActiveCfg = Debug|Any CPU
		{83D6DD99-6010-43A8-BE07-45D650234E2F}.Debug|Any CPU.Build.0 = Debug|Any CPU
		{83D6DD99-6010-43A8-BE07-45D650234E2F}.Release|Any CPU.ActiveCfg = Release|Any CPU
		{83D6DD99-6010-43A8-BE07-45D650234E2F}.Release|Any CPU.Build.0 = Release|Any CPU
		{DCEBD62D-8955-4785-A6BB-2B46B2C04938}.Debug|Any CPU.ActiveCfg = Debug|Any CPU
		{DCEBD62D-8955-4785-A6BB-2B46B2C04938}.Debug|Any CPU.Build.0 = Debug|Any CPU
		{DCEBD62D-8955-4785-A6BB-2B46B2C04938}.Release|Any CPU.ActiveCfg = Release|Any CPU
		{DCEBD62D-8955-4785-A6BB-2B46B2C04938}.Release|Any CPU.Build.0 = Release|Any CPU
		{740C8C80-303B-449B-9C88-B0E6C0ECBF23}.Debug|Any CPU.ActiveCfg = Debug|Any CPU
		{740C8C80-303B-449B-9C88-B0E6C0ECBF23}.Debug|Any CPU.Build.0 = Debug|Any CPU
		{740C8C80-303B-449B-9C88-B0E6C0ECBF23}.Release|Any CPU.ActiveCfg = Release|Any CPU
		{740C8C80-303B-449B-9C88-B0E6C0ECBF23}.Release|Any CPU.Build.0 = Release|Any CPU
		{2E6BB19B-78F9-4297-9201-FB9B73AB1305}.Debug|Any CPU.ActiveCfg = Debug|Any CPU
		{2E6BB19B-78F9-4297-9201-FB9B73AB1305}.Debug|Any CPU.Build.0 = Debug|Any CPU
		{2E6BB19B-78F9-4297-9201-FB9B73AB1305}.Release|Any CPU.ActiveCfg = Release|Any CPU
		{2E6BB19B-78F9-4297-9201-FB9B73AB1305}.Release|Any CPU.Build.0 = Release|Any CPU
		{8AE1C16A-4CEE-4384-A6C9-853D995D6A9A}.Debug|Any CPU.ActiveCfg = Debug|Any CPU
		{8AE1C16A-4CEE-4384-A6C9-853D995D6A9A}.Debug|Any CPU.Build.0 = Debug|Any CPU
		{8AE1C16A-4CEE-4384-A6C9-853D995D6A9A}.Release|Any CPU.ActiveCfg = Release|Any CPU
		{8AE1C16A-4CEE-4384-A6C9-853D995D6A9A}.Release|Any CPU.Build.0 = Release|Any CPU
		{E45A13FD-BF14-4D7B-92BB-AF3DEFEDD65B}.Debug|Any CPU.ActiveCfg = Debug|Any CPU
		{E45A13FD-BF14-4D7B-92BB-AF3DEFEDD65B}.Debug|Any CPU.Build.0 = Debug|Any CPU
		{E45A13FD-BF14-4D7B-92BB-AF3DEFEDD65B}.Release|Any CPU.ActiveCfg = Release|Any CPU
		{E45A13FD-BF14-4D7B-92BB-AF3DEFEDD65B}.Release|Any CPU.Build.0 = Release|Any CPU
	EndGlobalSection
	GlobalSection(SolutionProperties) = preSolution
		HideSolutionNode = FALSE
	EndGlobalSection
	GlobalSection(NestedProjects) = preSolution
		{8B86DEDE-C942-4468-AF3E-1D7AB7CC4089} = {1156CB80-7383-410C-800C-239ED32B242C}
		{F3845F03-7690-4F1C-BF8A-D52F6F30CCF9} = {EBA50BA8-3A6E-4565-8311-5A9515533720}
		{5531686A-62BA-476A-9A54-61C9C2EC1923} = {21D63CFD-3A2F-4933-AF90-BB040DACF0E2}
		{83D6DD99-6010-43A8-BE07-45D650234E2F} = {EBA50BA8-3A6E-4565-8311-5A9515533720}
		{DCEBD62D-8955-4785-A6BB-2B46B2C04938} = {EBA50BA8-3A6E-4565-8311-5A9515533720}
		{740C8C80-303B-449B-9C88-B0E6C0ECBF23} = {78C7E7B1-5E61-4F12-BD49-EA6D5FFCF674}
		{2E6BB19B-78F9-4297-9201-FB9B73AB1305} = {78C7E7B1-5E61-4F12-BD49-EA6D5FFCF674}
		{8AE1C16A-4CEE-4384-A6C9-853D995D6A9A} = {B621DF09-DD84-4F5A-A37C-ED2BFC4CF4C7}
		{E45A13FD-BF14-4D7B-92BB-AF3DEFEDD65B} = {78C7E7B1-5E61-4F12-BD49-EA6D5FFCF674}
	EndGlobalSection
	GlobalSection(ExtensibilityGlobals) = postSolution
		SolutionGuid = {9107B672-82F5-436D-8819-86239107F407}
	EndGlobalSection
EndGlobal
